
Microsoft Visual Studio Solution File, Format Version 12.00
# Visual Studio 15
VisualStudioVersion = 15.0.27004.2002
MinimumVisualStudioVersion = 10.0.40219.1
Project("{9A19103F-16F7-4668-BE54-9A1E7A4F7556}") = "PwChecker", "PwChecker\PwChecker.csproj", "{19A7850E-FB4A-4F4C-B9BB-EA01CDA33DA4}"
EndProject
Global
	GlobalSection(SolutionConfigurationPlatforms) = preSolution
		Debug|Any CPU = Debug|Any CPU
		Release|Any CPU = Release|Any CPU
	EndGlobalSection
	GlobalSection(ProjectConfigurationPlatforms) = postSolution
		{19A7850E-FB4A-4F4C-B9BB-EA01CDA33DA4}.Debug|Any CPU.ActiveCfg = Debug|Any CPU
		{19A7850E-FB4A-4F4C-B9BB-EA01CDA33DA4}.Debug|Any CPU.Build.0 = Debug|Any CPU
		{19A7850E-FB4A-4F4C-B9BB-EA01CDA33DA4}.Release|Any CPU.ActiveCfg = Release|Any CPU
		{19A7850E-FB4A-4F4C-B9BB-EA01CDA33DA4}.Release|Any CPU.Build.0 = Release|Any CPU
	EndGlobalSection
	GlobalSection(SolutionProperties) = preSolution
		HideSolutionNode = FALSE
	EndGlobalSection
	GlobalSection(ExtensibilityGlobals) = postSolution
		SolutionGuid = {0F9E5577-2814-4AAF-AB71-ECA83F6726A2}
	EndGlobalSection
EndGlobal
